// !$*UTF8*$!
{
	archiveVersion = 1;
	classes = {
	};
	objectVersion = 46;
	objects = {

/* Begin PBXBuildFile section */
		D1287F861D77EFF2005A95AB /* AppDelegate.swift in Sources */ = {isa = PBXBuildFile; fileRef = D1287F851D77EFF2005A95AB /* AppDelegate.swift */; };
		D1287F881D77EFF2005A95AB /* ViewController.swift in Sources */ = {isa = PBXBuildFile; fileRef = D1287F871D77EFF2005A95AB /* ViewController.swift */; };
		D1287F8B1D77EFF2005A95AB /* Main.storyboard in Resources */ = {isa = PBXBuildFile; fileRef = D1287F891D77EFF2005A95AB /* Main.storyboard */; };
		D1287F8E1D77EFF2005A95AB /* YUVTableTest.xcdatamodeld in Sources */ = {isa = PBXBuildFile; fileRef = D1287F8C1D77EFF2005A95AB /* YUVTableTest.xcdatamodeld */; };
		D1287F901D77EFF2005A95AB /* Assets.xcassets in Resources */ = {isa = PBXBuildFile; fileRef = D1287F8F1D77EFF2005A95AB /* Assets.xcassets */; };
		D1287F931D77EFF2005A95AB /* LaunchScreen.storyboard in Resources */ = {isa = PBXBuildFile; fileRef = D1287F911D77EFF2005A95AB /* LaunchScreen.storyboard */; };
		D1287F9E1D77EFF3005A95AB /* YUVTableTestTests.swift in Sources */ = {isa = PBXBuildFile; fileRef = D1287F9D1D77EFF3005A95AB /* YUVTableTestTests.swift */; };
		D1287FA91D77EFF3005A95AB /* YUVTableTestUITests.swift in Sources */ = {isa = PBXBuildFile; fileRef = D1287FA81D77EFF3005A95AB /* YUVTableTestUITests.swift */; };
		D8D84846E794580F20A91E2E /* Pods_YUVTableTest.framework in Frameworks */ = {isa = PBXBuildFile; fileRef = D2C4EBF7789649936970F4E8 /* Pods_YUVTableTest.framework */; };
/* End PBXBuildFile section */

/* Begin PBXContainerItemProxy section */
		D1287F9A1D77EFF3005A95AB /* PBXContainerItemProxy */ = {
			isa = PBXContainerItemProxy;
			containerPortal = D1287F7A1D77EFF2005A95AB /* Project object */;
			proxyType = 1;
			remoteGlobalIDString = D1287F811D77EFF2005A95AB;
			remoteInfo = YUVTableTest;
		};
		D1287FA51D77EFF3005A95AB /* PBXContainerItemProxy */ = {
			isa = PBXContainerItemProxy;
			containerPortal = D1287F7A1D77EFF2005A95AB /* Project object */;
			proxyType = 1;
			remoteGlobalIDString = D1287F811D77EFF2005A95AB;
			remoteInfo = YUVTableTest;
		};
/* End PBXContainerItemProxy section */

/* Begin PBXFileReference section */
		4DE6B114D40796F33FFB0BD0 /* Pods-YUVTableTest.release.xcconfig */ = {isa = PBXFileReference; includeInIndex = 1; lastKnownFileType = text.xcconfig; name = "Pods-YUVTableTest.release.xcconfig"; path = "Pods/Target Support Files/Pods-YUVTableTest/Pods-YUVTableTest.release.xcconfig"; sourceTree = "<group>"; };
		D1287F821D77EFF2005A95AB /* YUVTableTest.app */ = {isa = PBXFileReference; explicitFileType = wrapper.application; includeInIndex = 0; path = YUVTableTest.app; sourceTree = BUILT_PRODUCTS_DIR; };
		D1287F851D77EFF2005A95AB /* AppDelegate.swift */ = {isa = PBXFileReference; lastKnownFileType = sourcecode.swift; path = AppDelegate.swift; sourceTree = "<group>"; };
		D1287F871D77EFF2005A95AB /* ViewController.swift */ = {isa = PBXFileReference; lastKnownFileType = sourcecode.swift; path = ViewController.swift; sourceTree = "<group>"; };
		D1287F8A1D77EFF2005A95AB /* Base */ = {isa = PBXFileReference; lastKnownFileType = file.storyboard; name = Base; path = Base.lproj/Main.storyboard; sourceTree = "<group>"; };
		D1287F8D1D77EFF2005A95AB /* YUVTableTest.xcdatamodel */ = {isa = PBXFileReference; lastKnownFileType = wrapper.xcdatamodel; path = YUVTableTest.xcdatamodel; sourceTree = "<group>"; };
		D1287F8F1D77EFF2005A95AB /* Assets.xcassets */ = {isa = PBXFileReference; lastKnownFileType = folder.assetcatalog; path = Assets.xcassets; sourceTree = "<group>"; };
		D1287F921D77EFF2005A95AB /* Base */ = {isa = PBXFileReference; lastKnownFileType = file.storyboard; name = Base; path = Base.lproj/LaunchScreen.storyboard; sourceTree = "<group>"; };
		D1287F941D77EFF2005A95AB /* Info.plist */ = {isa = PBXFileReference; lastKnownFileType = text.plist.xml; path = Info.plist; sourceTree = "<group>"; };
		D1287F991D77EFF3005A95AB /* YUVTableTestTests.xctest */ = {isa = PBXFileReference; explicitFileType = wrapper.cfbundle; includeInIndex = 0; path = YUVTableTestTests.xctest; sourceTree = BUILT_PRODUCTS_DIR; };
		D1287F9D1D77EFF3005A95AB /* YUVTableTestTests.swift */ = {isa = PBXFileReference; lastKnownFileType = sourcecode.swift; path = YUVTableTestTests.swift; sourceTree = "<group>"; };
		D1287F9F1D77EFF3005A95AB /* Info.plist */ = {isa = PBXFileReference; lastKnownFileType = text.plist.xml; path = Info.plist; sourceTree = "<group>"; };
		D1287FA41D77EFF3005A95AB /* YUVTableTestUITests.xctest */ = {isa = PBXFileReference; explicitFileType = wrapper.cfbundle; includeInIndex = 0; path = YUVTableTestUITests.xctest; sourceTree = BUILT_PRODUCTS_DIR; };
		D1287FA81D77EFF3005A95AB /* YUVTableTestUITests.swift */ = {isa = PBXFileReference; lastKnownFileType = sourcecode.swift; path = YUVTableTestUITests.swift; sourceTree = "<group>"; };
		D1287FAA1D77EFF3005A95AB /* Info.plist */ = {isa = PBXFileReference; lastKnownFileType = text.plist.xml; path = Info.plist; sourceTree = "<group>"; };
		D2C4EBF7789649936970F4E8 /* Pods_YUVTableTest.framework */ = {isa = PBXFileReference; explicitFileType = wrapper.framework; includeInIndex = 0; path = Pods_YUVTableTest.framework; sourceTree = BUILT_PRODUCTS_DIR; };
		F788784A4E86A953876A6B8E /* Pods-YUVTableTest.debug.xcconfig */ = {isa = PBXFileReference; includeInIndex = 1; lastKnownFileType = text.xcconfig; name = "Pods-YUVTableTest.debug.xcconfig"; path = "Pods/Target Support Files/Pods-YUVTableTest/Pods-YUVTableTest.debug.xcconfig"; sourceTree = "<group>"; };
/* End PBXFileReference section */

/* Begin PBXFrameworksBuildPhase section */
		D1287F7F1D77EFF2005A95AB /* Frameworks */ = {
			isa = PBXFrameworksBuildPhase;
			buildActionMask = 2147483647;
			files = (
				D8D84846E794580F20A91E2E /* Pods_YUVTableTest.framework in Frameworks */,
			);
			runOnlyForDeploymentPostprocessing = 0;
		};
		D1287F961D77EFF3005A95AB /* Frameworks */ = {
			isa = PBXFrameworksBuildPhase;
			buildActionMask = 2147483647;
			files = (
			);
			runOnlyForDeploymentPostprocessing = 0;
		};
		D1287FA11D77EFF3005A95AB /* Frameworks */ = {
			isa = PBXFrameworksBuildPhase;
			buildActionMask = 2147483647;
			files = (
			);
			runOnlyForDeploymentPostprocessing = 0;
		};
/* End PBXFrameworksBuildPhase section */

/* Begin PBXGroup section */
		AFBF4C3F4CB9270BD406B96B /* Frameworks */ = {
			isa = PBXGroup;
			children = (
				D2C4EBF7789649936970F4E8 /* Pods_YUVTableTest.framework */,
			);
			name = Frameworks;
			sourceTree = "<group>";
		};
		D1287F791D77EFF2005A95AB = {
			isa = PBXGroup;
			children = (
				D1287F841D77EFF2005A95AB /* YUVTableTest */,
				D1287F9C1D77EFF3005A95AB /* YUVTableTestTests */,
				D1287FA71D77EFF3005A95AB /* YUVTableTestUITests */,
				D1287F831D77EFF2005A95AB /* Products */,
				EFEE35803C9DECB544747D38 /* Pods */,
				AFBF4C3F4CB9270BD406B96B /* Frameworks */,
			);
			sourceTree = "<group>";
		};
		D1287F831D77EFF2005A95AB /* Products */ = {
			isa = PBXGroup;
			children = (
				D1287F821D77EFF2005A95AB /* YUVTableTest.app */,
				D1287F991D77EFF3005A95AB /* YUVTableTestTests.xctest */,
				D1287FA41D77EFF3005A95AB /* YUVTableTestUITests.xctest */,
			);
			name = Products;
			sourceTree = "<group>";
		};
		D1287F841D77EFF2005A95AB /* YUVTableTest */ = {
			isa = PBXGroup;
			children = (
				D1287F851D77EFF2005A95AB /* AppDelegate.swift */,
				D1287F871D77EFF2005A95AB /* ViewController.swift */,
				D1287F891D77EFF2005A95AB /* Main.storyboard */,
				D1287F8F1D77EFF2005A95AB /* Assets.xcassets */,
				D1287F911D77EFF2005A95AB /* LaunchScreen.storyboard */,
				D1287F941D77EFF2005A95AB /* Info.plist */,
				D1287F8C1D77EFF2005A95AB /* YUVTableTest.xcdatamodeld */,
			);
			path = YUVTableTest;
			sourceTree = "<group>";
		};
		D1287F9C1D77EFF3005A95AB /* YUVTableTestTests */ = {
			isa = PBXGroup;
			children = (
				D1287F9D1D77EFF3005A95AB /* YUVTableTestTests.swift */,
				D1287F9F1D77EFF3005A95AB /* Info.plist */,
			);
			path = YUVTableTestTests;
			sourceTree = "<group>";
		};
		D1287FA71D77EFF3005A95AB /* YUVTableTestUITests */ = {
			isa = PBXGroup;
			children = (
				D1287FA81D77EFF3005A95AB /* YUVTableTestUITests.swift */,
				D1287FAA1D77EFF3005A95AB /* Info.plist */,
			);
			path = YUVTableTestUITests;
			sourceTree = "<group>";
		};
		EFEE35803C9DECB544747D38 /* Pods */ = {
			isa = PBXGroup;
			children = (
				F788784A4E86A953876A6B8E /* Pods-YUVTableTest.debug.xcconfig */,
				4DE6B114D40796F33FFB0BD0 /* Pods-YUVTableTest.release.xcconfig */,
			);
			name = Pods;
			sourceTree = "<group>";
		};
/* End PBXGroup section */

/* Begin PBXNativeTarget section */
		D1287F811D77EFF2005A95AB /* YUVTableTest */ = {
			isa = PBXNativeTarget;
			buildConfigurationList = D1287FAD1D77EFF3005A95AB /* Build configuration list for PBXNativeTarget "YUVTableTest" */;
			buildPhases = (
				2EF8D3B3F4389D0C097E3A33 /* [CP] Check Pods Manifest.lock */,
				D1287F7E1D77EFF2005A95AB /* Sources */,
				D1287F7F1D77EFF2005A95AB /* Frameworks */,
				D1287F801D77EFF2005A95AB /* Resources */,
				89C2A95E02C310EA844AFC35 /* [CP] Embed Pods Frameworks */,
				23A0B823F58BDF3A8FFF4B3F /* [CP] Copy Pods Resources */,
			);
			buildRules = (
			);
			dependencies = (
			);
			name = YUVTableTest;
			productName = YUVTableTest;
			productReference = D1287F821D77EFF2005A95AB /* YUVTableTest.app */;
			productType = "com.apple.product-type.application";
		};
		D1287F981D77EFF3005A95AB /* YUVTableTestTests */ = {
			isa = PBXNativeTarget;
			buildConfigurationList = D1287FB01D77EFF3005A95AB /* Build configuration list for PBXNativeTarget "YUVTableTestTests" */;
			buildPhases = (
				D1287F951D77EFF3005A95AB /* Sources */,
				D1287F961D77EFF3005A95AB /* Frameworks */,
				D1287F971D77EFF3005A95AB /* Resources */,
			);
			buildRules = (
			);
			dependencies = (
				D1287F9B1D77EFF3005A95AB /* PBXTargetDependency */,
			);
			name = YUVTableTestTests;
			productName = YUVTableTestTests;
			productReference = D1287F991D77EFF3005A95AB /* YUVTableTestTests.xctest */;
			productType = "com.apple.product-type.bundle.unit-test";
		};
		D1287FA31D77EFF3005A95AB /* YUVTableTestUITests */ = {
			isa = PBXNativeTarget;
			buildConfigurationList = D1287FB31D77EFF3005A95AB /* Build configuration list for PBXNativeTarget "YUVTableTestUITests" */;
			buildPhases = (
				D1287FA01D77EFF3005A95AB /* Sources */,
				D1287FA11D77EFF3005A95AB /* Frameworks */,
				D1287FA21D77EFF3005A95AB /* Resources */,
			);
			buildRules = (
			);
			dependencies = (
				D1287FA61D77EFF3005A95AB /* PBXTargetDependency */,
			);
			name = YUVTableTestUITests;
			productName = YUVTableTestUITests;
			productReference = D1287FA41D77EFF3005A95AB /* YUVTableTestUITests.xctest */;
			productType = "com.apple.product-type.bundle.ui-testing";
		};
/* End PBXNativeTarget section */

/* Begin PBXProject section */
		D1287F7A1D77EFF2005A95AB /* Project object */ = {
			isa = PBXProject;
			attributes = {
				LastSwiftUpdateCheck = 0730;
				LastUpgradeCheck = 0730;
				ORGANIZATIONNAME = PolyEngine;
				TargetAttributes = {
					D1287F811D77EFF2005A95AB = {
						CreatedOnToolsVersion = 7.3.1;
					};
					D1287F981D77EFF3005A95AB = {
						CreatedOnToolsVersion = 7.3.1;
						TestTargetID = D1287F811D77EFF2005A95AB;
					};
					D1287FA31D77EFF3005A95AB = {
						CreatedOnToolsVersion = 7.3.1;
						TestTargetID = D1287F811D77EFF2005A95AB;
					};
				};
			};
			buildConfigurationList = D1287F7D1D77EFF2005A95AB /* Build configuration list for PBXProject "YUVTableTest" */;
			compatibilityVersion = "Xcode 3.2";
			developmentRegion = English;
			hasScannedForEncodings = 0;
			knownRegions = (
				en,
				Base,
			);
			mainGroup = D1287F791D77EFF2005A95AB;
			productRefGroup = D1287F831D77EFF2005A95AB /* Products */;
			projectDirPath = "";
			projectRoot = "";
			targets = (
				D1287F811D77EFF2005A95AB /* YUVTableTest */,
				D1287F981D77EFF3005A95AB /* YUVTableTestTests */,
				D1287FA31D77EFF3005A95AB /* YUVTableTestUITests */,
			);
		};
/* End PBXProject section */

/* Begin PBXResourcesBuildPhase section */
		D1287F801D77EFF2005A95AB /* Resources */ = {
			isa = PBXResourcesBuildPhase;
			buildActionMask = 2147483647;
			files = (
				D1287F931D77EFF2005A95AB /* LaunchScreen.storyboard in Resources */,
				D1287F901D77EFF2005A95AB /* Assets.xcassets in Resources */,
				D1287F8B1D77EFF2005A95AB /* Main.storyboard in Resources */,
			);
			runOnlyForDeploymentPostprocessing = 0;
		};
		D1287F971D77EFF3005A95AB /* Resources */ = {
			isa = PBXResourcesBuildPhase;
			buildActionMask = 2147483647;
			files = (
			);
			runOnlyForDeploymentPostprocessing = 0;
		};
		D1287FA21D77EFF3005A95AB /* Resources */ = {
			isa = PBXResourcesBuildPhase;
			buildActionMask = 2147483647;
			files = (
			);
			runOnlyForDeploymentPostprocessing = 0;
		};
/* End PBXResourcesBuildPhase section */

/* Begin PBXShellScriptBuildPhase section */
		23A0B823F58BDF3A8FFF4B3F /* [CP] Copy Pods Resources */ = {
			isa = PBXShellScriptBuildPhase;
			buildActionMask = 2147483647;
			files = (
			);
			inputPaths = (
			);
			name = "[CP] Copy Pods Resources";
			outputPaths = (
			);
			runOnlyForDeploymentPostprocessing = 0;
			shellPath = /bin/sh;
			shellScript = "\"${SRCROOT}/Pods/Target Support Files/Pods-YUVTableTest/Pods-YUVTableTest-resources.sh\"\n";
			showEnvVarsInLog = 0;
		};
		2EF8D3B3F4389D0C097E3A33 /* [CP] Check Pods Manifest.lock */ = {
			isa = PBXShellScriptBuildPhase;
			buildActionMask = 2147483647;
			files = (
			);
			inputPaths = (
			);
			name = "[CP] Check Pods Manifest.lock";
			outputPaths = (
			);
			runOnlyForDeploymentPostprocessing = 0;
			shellPath = /bin/sh;
			shellScript = "diff \"${PODS_ROOT}/../Podfile.lock\" \"${PODS_ROOT}/Manifest.lock\" > /dev/null\nif [[ $? != 0 ]] ; then\n    cat << EOM\nerror: The sandbox is not in sync with the Podfile.lock. Run 'pod install' or update your CocoaPods installation.\nEOM\n    exit 1\nfi\n";
			showEnvVarsInLog = 0;
		};
		89C2A95E02C310EA844AFC35 /* [CP] Embed Pods Frameworks */ = {
			isa = PBXShellScriptBuildPhase;
			buildActionMask = 2147483647;
			files = (
			);
			inputPaths = (
			);
			name = "[CP] Embed Pods Frameworks";
			outputPaths = (
			);
			runOnlyForDeploymentPostprocessing = 0;
			shellPath = /bin/sh;
			shellScript = "\"${SRCROOT}/Pods/Target Support Files/Pods-YUVTableTest/Pods-YUVTableTest-frameworks.sh\"\n";
			showEnvVarsInLog = 0;
		};
/* End PBXShellScriptBuildPhase section */

/* Begin PBXSourcesBuildPhase section */
		D1287F7E1D77EFF2005A95AB /* Sources */ = {
			isa = PBXSourcesBuildPhase;
			buildActionMask = 2147483647;
			files = (
				D1287F881D77EFF2005A95AB /* ViewController.swift in Sources */,
				D1287F8E1D77EFF2005A95AB /* YUVTableTest.xcdatamodeld in Sources */,
				D1287F861D77EFF2005A95AB /* AppDelegate.swift in Sources */,
			);
			runOnlyForDeploymentPostprocessing = 0;
		};
		D1287F951D77EFF3005A95AB /* Sources */ = {
			isa = PBXSourcesBuildPhase;
			buildActionMask = 2147483647;
			files = (
				D1287F9E1D77EFF3005A95AB /* YUVTableTestTests.swift in Sources */,
			);
			runOnlyForDeploymentPostprocessing = 0;
		};
		D1287FA01D77EFF3005A95AB /* Sources */ = {
			isa = PBXSourcesBuildPhase;
			buildActionMask = 2147483647;
			files = (
				D1287FA91D77EFF3005A95AB /* YUVTableTestUITests.swift in Sources */,
			);
			runOnlyForDeploymentPostprocessing = 0;
		};
/* End PBXSourcesBuildPhase section */

/* Begin PBXTargetDependency section */
		D1287F9B1D77EFF3005A95AB /* PBXTargetDependency */ = {
			isa = PBXTargetDependency;
			target = D1287F811D77EFF2005A95AB /* YUVTableTest */;
			targetProxy = D1287F9A1D77EFF3005A95AB /* PBXContainerItemProxy */;
		};
		D1287FA61D77EFF3005A95AB /* PBXTargetDependency */ = {
			isa = PBXTargetDependency;
			target = D1287F811D77EFF2005A95AB /* YUVTableTest */;
			targetProxy = D1287FA51D77EFF3005A95AB /* PBXContainerItemProxy */;
		};
/* End PBXTargetDependency section */

/* Begin PBXVariantGroup section */
		D1287F891D77EFF2005A95AB /* Main.storyboard */ = {
			isa = PBXVariantGroup;
			children = (
				D1287F8A1D77EFF2005A95AB /* Base */,
			);
			name = Main.storyboard;
			sourceTree = "<group>";
		};
		D1287F911D77EFF2005A95AB /* LaunchScreen.storyboard */ = {
			isa = PBXVariantGroup;
			children = (
				D1287F921D77EFF2005A95AB /* Base */,
			);
			name = LaunchScreen.storyboard;
			sourceTree = "<group>";
		};
/* End PBXVariantGroup section */

/* Begin XCBuildConfiguration section */
		D1287FAB1D77EFF3005A95AB /* Debug */ = {
			isa = XCBuildConfiguration;
			buildSettings = {
				ALWAYS_SEARCH_USER_PATHS = NO;
				CLANG_ANALYZER_NONNULL = YES;
				CLANG_CXX_LANGUAGE_STANDARD = "gnu++0x";
				CLANG_CXX_LIBRARY = "libc++";
				CLANG_ENABLE_MODULES = YES;
				CLANG_ENABLE_OBJC_ARC = YES;
				CLANG_WARN_BOOL_CONVERSION = YES;
				CLANG_WARN_CONSTANT_CONVERSION = YES;
				CLANG_WARN_DIRECT_OBJC_ISA_USAGE = YES_ERROR;
				CLANG_WARN_EMPTY_BODY = YES;
				CLANG_WARN_ENUM_CONVERSION = YES;
				CLANG_WARN_INT_CONVERSION = YES;
				CLANG_WARN_OBJC_ROOT_CLASS = YES_ERROR;
				CLANG_WARN_UNREACHABLE_CODE = YES;
				CLANG_WARN__DUPLICATE_METHOD_MATCH = YES;
				"CODE_SIGN_IDENTITY[sdk=iphoneos*]" = "iPhone Developer";
				COPY_PHASE_STRIP = NO;
				DEBUG_INFORMATION_FORMAT = dwarf;
				ENABLE_STRICT_OBJC_MSGSEND = YES;
				ENABLE_TESTABILITY = YES;
				GCC_C_LANGUAGE_STANDARD = gnu99;
				GCC_DYNAMIC_NO_PIC = NO;
				GCC_NO_COMMON_BLOCKS = YES;
				GCC_OPTIMIZATION_LEVEL = 0;
				GCC_PREPROCESSOR_DEFINITIONS = (
					"DEBUG=1",
					"$(inherited)",
				);
				GCC_WARN_64_TO_32_BIT_CONVERSION = YES;
				GCC_WARN_ABOUT_RETURN_TYPE = YES_ERROR;
				GCC_WARN_UNDECLARED_SELECTOR = YES;
				GCC_WARN_UNINITIALIZED_AUTOS = YES_AGGRESSIVE;
				GCC_WARN_UNUSED_FUNCTION = YES;
				GCC_WARN_UNUSED_VARIABLE = YES;
				IPHONEOS_DEPLOYMENT_TARGET = 9.3;
				MTL_ENABLE_DEBUG_INFO = YES;
				ONLY_ACTIVE_ARCH = YES;
				SDKROOT = iphoneos;
				SWIFT_OPTIMIZATION_LEVEL = "-Onone";
				TARGETED_DEVICE_FAMILY = "1,2";
			};
			name = Debug;
		};
		D1287FAC1D77EFF3005A95AB /* Release */ = {
			isa = XCBuildConfiguration;
			buildSettings = {
				ALWAYS_SEARCH_USER_PATHS = NO;
				CLANG_ANALYZER_NONNULL = YES;
				CLANG_CXX_LANGUAGE_STANDARD = "gnu++0x";
				CLANG_CXX_LIBRARY = "libc++";
				CLANG_ENABLE_MODULES = YES;
				CLANG_ENABLE_OBJC_ARC = YES;
				CLANG_WARN_BOOL_CONVERSION = YES;
				CLANG_WARN_CONSTANT_CONVERSION = YES;
				CLANG_WARN_DIRECT_OBJC_ISA_USAGE = YES_ERROR;
				CLANG_WARN_EMPTY_BODY = YES;
				CLANG_WARN_ENUM_CONVERSION = YES;
				CLANG_WARN_INT_CONVERSION = YES;
				CLANG_WARN_OBJC_ROOT_CLASS = YES_ERROR;
				CLANG_WARN_UNREACHABLE_CODE = YES;
				CLANG_WARN__DUPLICATE_METHOD_MATCH = YES;
				"CODE_SIGN_IDENTITY[sdk=iphoneos*]" = "iPhone Developer";
				COPY_PHASE_STRIP = NO;
				DEBUG_INFORMATION_FORMAT = "dwarf-with-dsym";
				ENABLE_NS_ASSERTIONS = NO;
				ENABLE_STRICT_OBJC_MSGSEND = YES;
				GCC_C_LANGUAGE_STANDARD = gnu99;
				GCC_NO_COMMON_BLOCKS = YES;
				GCC_WARN_64_TO_32_BIT_CONVERSION = YES;
				GCC_WARN_ABOUT_RETURN_TYPE = YES_ERROR;
				GCC_WARN_UNDECLARED_SELECTOR = YES;
				GCC_WARN_UNINITIALIZED_AUTOS = YES_AGGRESSIVE;
				GCC_WARN_UNUSED_FUNCTION = YES;
				GCC_WARN_UNUSED_VARIABLE = YES;
				IPHONEOS_DEPLOYMENT_TARGET = 9.3;
				MTL_ENABLE_DEBUG_INFO = NO;
				SDKROOT = iphoneos;
				TARGETED_DEVICE_FAMILY = "1,2";
				VALIDATE_PRODUCT = YES;
			};
			name = Release;
		};
		D1287FAE1D77EFF3005A95AB /* Debug */ = {
			isa = XCBuildConfiguration;
			baseConfigurationReference = F788784A4E86A953876A6B8E /* Pods-YUVTableTest.debug.xcconfig */;
			buildSettings = {
				ASSETCATALOG_COMPILER_APPICON_NAME = AppIcon;
				INFOPLIST_FILE = YUVTableTest/Info.plist;
				LD_RUNPATH_SEARCH_PATHS = "$(inherited) @executable_path/Frameworks";
				PRODUCT_BUNDLE_IDENTIFIER = PolyEngine.YUVTableTest;
				PRODUCT_NAME = "$(TARGET_NAME)";
			};
			name = Debug;
		};
		D1287FAF1D77EFF3005A95AB /* Release */ = {
			isa = XCBuildConfiguration;
			baseConfigurationReference = 4DE6B114D40796F33FFB0BD0 /* Pods-YUVTableTest.release.xcconfig */;
			buildSettings = {
				ASSETCATALOG_COMPILER_APPICON_NAME = AppIcon;
				INFOPLIST_FILE = YUVTableTest/Info.plist;
				LD_RUNPATH_SEARCH_PATHS = "$(inherited) @executable_path/Frameworks";
				PRODUCT_BUNDLE_IDENTIFIER = PolyEngine.YUVTableTest;
				PRODUCT_NAME = "$(TARGET_NAME)";
			};
			name = Release;
		};
		D1287FB11D77EFF3005A95AB /* Debug */ = {
			isa = XCBuildConfiguration;
			buildSettings = {
				BUNDLE_LOADER = "$(TEST_HOST)";
				INFOPLIST_FILE = YUVTableTestTests/Info.plist;
				LD_RUNPATH_SEARCH_PATHS = "$(inherited) @executable_path/Frameworks @loader_path/Frameworks";
				PRODUCT_BUNDLE_IDENTIFIER = PolyEngine.YUVTableTestTests;
				PRODUCT_NAME = "$(TARGET_NAME)";
				TEST_HOST = "$(BUILT_PRODUCTS_DIR)/YUVTableTest.app/YUVTableTest";
			};
			name = Debug;
		};
		D1287FB21D77EFF3005A95AB /* Release */ = {
			isa = XCBuildConfiguration;
			buildSettings = {
				BUNDLE_LOADER = "$(TEST_HOST)";
				INFOPLIST_FILE = YUVTableTestTests/Info.plist;
				LD_RUNPATH_SEARCH_PATHS = "$(inherited) @executable_path/Frameworks @loader_path/Frameworks";
				PRODUCT_BUNDLE_IDENTIFIER = PolyEngine.YUVTableTestTests;
				PRODUCT_NAME = "$(TARGET_NAME)";
				TEST_HOST = "$(BUILT_PRODUCTS_DIR)/YUVTableTest.app/YUVTableTest";
			};
			name = Release;
		};
		D1287FB41D77EFF3005A95AB /* Debug */ = {
			isa = XCBuildConfiguration;
			buildSettings = {
				INFOPLIST_FILE = YUVTableTestUITests/Info.plist;
				LD_RUNPATH_SEARCH_PATHS = "$(inherited) @executable_path/Frameworks @loader_path/Frameworks";
				PRODUCT_BUNDLE_IDENTIFIER = PolyEngine.YUVTableTestUITests;
				PRODUCT_NAME = "$(TARGET_NAME)";
				TEST_TARGET_NAME = YUVTableTest;
			};
			name = Debug;
		};
		D1287FB51D77EFF3005A95AB /* Release */ = {
			isa = XCBuildConfiguration;
			buildSettings = {
				INFOPLIST_FILE = YUVTableTestUITests/Info.plist;
				LD_RUNPATH_SEARCH_PATHS = "$(inherited) @executable_path/Frameworks @loader_path/Frameworks";
				PRODUCT_BUNDLE_IDENTIFIER = PolyEngine.YUVTableTestUITests;
				PRODUCT_NAME = "$(TARGET_NAME)";
				TEST_TARGET_NAME = YUVTableTest;
			};
			name = Release;
		};
/* End XCBuildConfiguration section */

/* Begin XCConfigurationList section */
		D1287F7D1D77EFF2005A95AB /* Build configuration list for PBXProject "YUVTableTest" */ = {
			isa = XCConfigurationList;
			buildConfigurations = (
				D1287FAB1D77EFF3005A95AB /* Debug */,
				D1287FAC1D77EFF3005A95AB /* Release */,
			);
			defaultConfigurationIsVisible = 0;
			defaultConfigurationName = Release;
		};
		D1287FAD1D77EFF3005A95AB /* Build configuration list for PBXNativeTarget "YUVTableTest" */ = {
			isa = XCConfigurationList;
			buildConfigurations = (
				D1287FAE1D77EFF3005A95AB /* Debug */,
				D1287FAF1D77EFF3005A95AB /* Release */,
			);
			defaultConfigurationIsVisible = 0;
			defaultConfigurationName = Release;
		};
		D1287FB01D77EFF3005A95AB /* Build configuration list for PBXNativeTarget "YUVTableTestTests" */ = {
			isa = XCConfigurationList;
			buildConfigurations = (
				D1287FB11D77EFF3005A95AB /* Debug */,
				D1287FB21D77EFF3005A95AB /* Release */,
			);
			defaultConfigurationIsVisible = 0;
			defaultConfigurationName = Release;
		};
		D1287FB31D77EFF3005A95AB /* Build configuration list for PBXNativeTarget "YUVTableTestUITests" */ = {
			isa = XCConfigurationList;
			buildConfigurations = (
				D1287FB41D77EFF3005A95AB /* Debug */,
				D1287FB51D77EFF3005A95AB /* Release */,
			);
			defaultConfigurationIsVisible = 0;
			defaultConfigurationName = Release;
		};
/* End XCConfigurationList section */

/* Begin XCVersionGroup section */
		D1287F8C1D77EFF2005A95AB /* YUVTableTest.xcdatamodeld */ = {
			isa = XCVersionGroup;
			children = (
				D1287F8D1D77EFF2005A95AB /* YUVTableTest.xcdatamodel */,
			);
			currentVersion = D1287F8D1D77EFF2005A95AB /* YUVTableTest.xcdatamodel */;
			path = YUVTableTest.xcdatamodeld;
			sourceTree = "<group>";
			versionGroupType = wrapper.xcdatamodel;
		};
/* End XCVersionGroup section */
	};
	rootObject = D1287F7A1D77EFF2005A95AB /* Project object */;
}
